{
  "nodes": {
    "home-manager": {
      "inputs": {
        "nixpkgs": "nixpkgs"
      },
      "locked": {
        "lastModified": 1604441492,
        "narHash": "sha256-Wo7WqdwNQnWHmhyZuhVLrAEpCuZl88cA9ttxkiCTekY=",
        "owner": "nix-community",
        "repo": "home-manager",
        "rev": "63f299b3347aea183fc5088e4d6c4a193b334a41",
        "type": "github"
      },
      "original": {
        "owner": "nix-community",
        "ref": "release-20.09",
        "repo": "home-manager",
        "type": "github"
      }
    },
    "nixos": {
      "locked": {
        "lastModified": 1604368813,
        "narHash": "sha256-UOLaURSO448k+4bGJlaSMYeo2F5F6CuFo9VoYDkhmsk=",
        "owner": "NixOS",
        "repo": "nixpkgs",
        "rev": "d105075a1fd870b1d1617a6008cb38b443e65433",
        "type": "github"
      },
      "original": {
        "owner": "NixOS",
        "ref": "nixos-20.09",
        "repo": "nixpkgs",
        "type": "github"
      }
    },
    "nixos-hardware": {
      "locked": {
        "lastModified": 1604392577,
        "narHash": "sha256-1LdAoEKAtr9oVTr9mQMLAiU2FzfUMcNSn4wl/aMQ2ss=",
        "owner": "NixOS",
        "repo": "nixos-hardware",
        "rev": "1b4ce6426f089b0650f065c7508a45b49a2b2263",
        "type": "github"
      },
      "original": {
        "owner": "NixOS",
        "repo": "nixos-hardware",
        "type": "github"
      }
    },
    "nixos-small": {
      "locked": {
        "lastModified": 1604518764,
        "narHash": "sha256-oohXXASVuQBcnZP046A1ATTMIT+PLMLMI5xpDQ1Z+qM=",
        "owner": "NixOS",
        "repo": "nixpkgs",
        "rev": "a6a3a368dda12910ab8948361fda319fb5278ab7",
        "type": "github"
      },
      "original": {
        "owner": "NixOS",
        "ref": "nixos-20.09-small",
        "repo": "nixpkgs",
        "type": "github"
      }
    },
    "nixos-unstable": {
      "locked": {
        "lastModified": 1604369895,
        "narHash": "sha256-uB/ihiWdfTjVQ9sKdtj6xeyvb41uC2J4MXiOLkwJccs=",
        "owner": "NixOS",
        "repo": "nixpkgs",
        "rev": "34ad166a830d3ac1541dcce571c52231f2f0865a",
        "type": "github"
      },
      "original": {
        "owner": "NixOS",
        "ref": "nixos-unstable",
        "repo": "nixpkgs",
        "type": "github"
      }
    },
    "nixpkgs": {
      "locked": {
        "lastModified": 1604566590,
        "narHash": "sha256-nskBLrtr4xZs7CFwIfd61LBmIJeFkK6vCdSre/6UuHk=",
        "owner": "NixOS",
        "repo": "nixpkgs",
        "rev": "6e089d30148953df7abb3a1167169afc7848499c",
        "type": "github"
      },
      "original": {
        "id": "nixpkgs",
        "type": "indirect"
      }
    },
    "root": {
      "inputs": {
        "home-manager": "home-manager",
        "nixos": "nixos",
        "nixos-hardware": "nixos-hardware",
        "nixos-small": "nixos-small",
        "nixos-unstable": "nixos-unstable"
      }
    }
  },
  "root": "root",
  "version": 7
}
