{
  "nodes": {
    "nixos": {
      "locked": {
        "lastModified": 1603785508,
        "narHash": "sha256-aVhMd31J32DWdjGsSNOglG45dxf+D26EU21BXoov90c=",
        "owner": "NixOS",
        "repo": "nixpkgs",
        "rev": "13d0c311e3ae923a00f734b43fd1d35b47d8943a",
        "type": "github"
      },
      "original": {
        "owner": "NixOS",
        "ref": "nixos-20.09",
        "repo": "nixpkgs",
        "type": "github"
      }
    },
    "nixos-hardware": {
      "locked": {
        "lastModified": 1603657112,
        "narHash": "sha256-goCXyUj+mylidJW3tuUj5Vm03WaJTuNG13fg/V4C8y0=",
        "owner": "NixOS",
        "repo": "nixos-hardware",
        "rev": "3cffbd596197a99d10d8113860c9ddf5566c2ef3",
        "type": "github"
      },
      "original": {
        "owner": "NixOS",
        "repo": "nixos-hardware",
        "type": "github"
      }
    },
    "nixos-small": {
      "locked": {
        "lastModified": 1603837164,
        "narHash": "sha256-aaJ2XMDOZed33ztwPVH+lyDxzYSm9RSO1EsYD/U7N0M=",
        "owner": "NixOS",
        "repo": "nixpkgs",
        "rev": "b6eefa48d8e10491e43c0c6155ac12b463f6fed3",
        "type": "github"
      },
      "original": {
        "owner": "NixOS",
        "ref": "nixos-20.09-small",
        "repo": "nixpkgs",
        "type": "github"
      }
    },
    "nixos-unstable": {
      "locked": {
        "lastModified": 1603271222,
        "narHash": "sha256-S3nMa1xN/ADk2DEaZnR5Ev1HJJHYbYODXC+liuMG7No=",
        "owner": "NixOS",
        "repo": "nixpkgs",
        "rev": "5d0e2dedd5594cdf3ebbda8bc61310e227235a9c",
        "type": "github"
      },
      "original": {
        "owner": "NixOS",
        "ref": "nixos-unstable",
        "repo": "nixpkgs",
        "type": "github"
      }
    },
    "root": {
      "inputs": {
        "nixos": "nixos",
        "nixos-hardware": "nixos-hardware",
        "nixos-small": "nixos-small",
        "nixos-unstable": "nixos-unstable"
      }
    }
  },
  "root": "root",
  "version": 7
}
