{
  "nodes": {
    "agenix": {
      "inputs": {
        "nixpkgs": [
          "nixos"
        ]
      },
      "locked": {
        "lastModified": 1648942457,
        "narHash": "sha256-i29Z1t3sVfCNfpp+KAfeExvpqHQSbLO1KWylTtfradU=",
        "owner": "ryantm",
        "repo": "agenix",
        "rev": "0d5e59ed645e4c7b60174bc6f6aac6a203dc0b01",
        "type": "github"
      },
      "original": {
        "owner": "ryantm",
        "repo": "agenix",
        "type": "github"
      }
    },
    "flake-utils": {
      "locked": {
        "lastModified": 1644229661,
        "narHash": "sha256-1YdnJAsNy69bpcjuoKdOYQX0YxZBiCYZo4Twxerqv7k=",
        "owner": "numtide",
        "repo": "flake-utils",
        "rev": "3cecb5b042f7f209c56ffd8371b2711a290ec797",
        "type": "github"
      },
      "original": {
        "owner": "numtide",
        "repo": "flake-utils",
        "type": "github"
      }
    },
    "home-manager": {
      "inputs": {
        "nixpkgs": [
          "nixos"
        ]
      },
      "locked": {
        "lastModified": 1651519540,
        "narHash": "sha256-3k6p8VsTwwRPQjE8rrMh+o2AZACZn/eeYJ7ivdQ/Iro=",
        "owner": "nix-community",
        "repo": "home-manager",
        "rev": "d93d56ab8c1c6aa575854a79b9d2f69d491db7d0",
        "type": "github"
      },
      "original": {
        "owner": "nix-community",
        "ref": "release-21.11",
        "repo": "home-manager",
        "type": "github"
      }
    },
    "home-manager-old": {
      "inputs": {
        "nixpkgs": [
          "nixos-old"
        ]
      },
      "locked": {
        "lastModified": 1646616315,
        "narHash": "sha256-A1g4AjM/4kVWBzfCx9HqCszVFlcsk+C9NHG3X6hRjaI=",
        "owner": "nix-community",
        "repo": "home-manager",
        "rev": "454abeb5a891b2b56f10a30f2a846e8341cbfe9b",
        "type": "github"
      },
      "original": {
        "owner": "nix-community",
        "ref": "release-21.05",
        "repo": "home-manager",
        "type": "github"
      }
    },
    "home-manager-unstable": {
      "inputs": {
        "nixpkgs": [
          "nixos-unstable"
        ]
      },
      "locked": {
        "lastModified": 1651652192,
        "narHash": "sha256-3FUsIJ81p57rOxODRVZ+anhnVav96VWbgNA1H3Np+TY=",
        "owner": "nix-community",
        "repo": "home-manager",
        "rev": "267462dfb36d447421c789a3adf9d460cd09c147",
        "type": "github"
      },
      "original": {
        "owner": "nix-community",
        "ref": "master",
        "repo": "home-manager",
        "type": "github"
      }
    },
    "livemon": {
      "inputs": {
        "flake-utils": "flake-utils",
        "nixpkgs": [
          "nixos"
        ]
      },
      "locked": {
        "lastModified": 1644827688,
        "narHash": "sha256-fvLpJEtKW1u0wp/f8Gos8ViUtj/Vpe+XvTZ1MG1BX3M=",
        "owner": "danderson",
        "repo": "livemon",
        "rev": "fec2ffb8cef233faf1980869a8d9929a08dd2819",
        "type": "github"
      },
      "original": {
        "owner": "danderson",
        "repo": "livemon",
        "type": "github"
      }
    },
    "nixos": {
      "locked": {
        "lastModified": 1651662302,
        "narHash": "sha256-utlTjLa1s4ezdQIUvnBtmA9TBYFrPlXpAJnCXEiZFZI=",
        "owner": "NixOS",
        "repo": "nixpkgs",
        "rev": "dff5496b12817e3d019983827c4b7ba7beb96580",
        "type": "github"
      },
      "original": {
        "owner": "NixOS",
        "ref": "nixos-21.11",
        "repo": "nixpkgs",
        "type": "github"
      }
    },
    "nixos-hardware": {
      "locked": {
        "lastModified": 1650522846,
        "narHash": "sha256-SxWHXRI3qJwswyXAtzsi6PKVY3KLNNnb072KaJthII8=",
        "owner": "NixOS",
        "repo": "nixos-hardware",
        "rev": "6b4ebea9093c997c5f275c820e679108de4871ab",
        "type": "github"
      },
      "original": {
        "owner": "NixOS",
        "repo": "nixos-hardware",
        "type": "github"
      }
    },
    "nixos-old": {
      "locked": {
        "lastModified": 1645296114,
        "narHash": "sha256-y53N7TyIkXsjMpOG7RhvqJFGDacLs9HlyHeSTBioqYU=",
        "owner": "NixOS",
        "repo": "nixpkgs",
        "rev": "530a53dcbc9437363471167a5e4762c5fcfa34a1",
        "type": "github"
      },
      "original": {
        "owner": "NixOS",
        "ref": "nixos-21.05",
        "repo": "nixpkgs",
        "type": "github"
      }
    },
    "nixos-unstable": {
      "locked": {
        "lastModified": 1651558728,
        "narHash": "sha256-8HzyRnWlgZluUrVFNOfZAOlA1fghpOSezXvxhalGMUo=",
        "owner": "NixOS",
        "repo": "nixpkgs",
        "rev": "cbe587c735b734405f56803e267820ee1559e6c1",
        "type": "github"
      },
      "original": {
        "owner": "NixOS",
        "ref": "nixos-unstable",
        "repo": "nixpkgs",
        "type": "github"
      }
    },
    "nixos-unstable-small": {
      "locked": {
        "lastModified": 1651784339,
        "narHash": "sha256-AhxtftPAawgom0857uXtJVm+jIZQmcO8b6KjDGWnK3U=",
        "owner": "NixOS",
        "repo": "nixpkgs",
        "rev": "836c52e6258794e27faa4ae68e04c183cd4f1818",
        "type": "github"
      },
      "original": {
        "owner": "NixOS",
        "ref": "nixos-unstable-small",
        "repo": "nixpkgs",
        "type": "github"
      }
    },
    "nur": {
      "locked": {
        "lastModified": 1651775195,
        "narHash": "sha256-seJ564uq91VOuHhJ4h9ph5fAu7pCcWHgni3DuTttwig=",
        "owner": "nix-community",
        "repo": "NUR",
        "rev": "3f73809d3dcd2b324fa8f78088ac5ed207272c11",
        "type": "github"
      },
      "original": {
        "owner": "nix-community",
        "repo": "NUR",
        "type": "github"
      }
    },
    "root": {
      "inputs": {
        "agenix": "agenix",
        "home-manager": "home-manager",
        "home-manager-old": "home-manager-old",
        "home-manager-unstable": "home-manager-unstable",
        "livemon": "livemon",
        "nixos": "nixos",
        "nixos-hardware": "nixos-hardware",
        "nixos-old": "nixos-old",
        "nixos-unstable": "nixos-unstable",
        "nixos-unstable-small": "nixos-unstable-small",
        "nur": "nur"
      }
    }
  },
  "root": "root",
  "version": 7
}
